// !$*UTF8*$!
{
	archiveVersion = 1;
	classes = {
	};
	objectVersion = 46;
	objects = {

/* Begin PBXBuildFile section */
		5C5C8A711B8946B8005F2858 /* ItemTVC.swift in Sources */ = {isa = PBXBuildFile; fileRef = 5C5C8A701B8946B8005F2858 /* ItemTVC.swift */; };
		5C6A39011B88A6800026176C /* AppDelegate.swift in Sources */ = {isa = PBXBuildFile; fileRef = 5C6A39001B88A6800026176C /* AppDelegate.swift */; };
		5C6A39041B88A6800026176C /* TrocaTroca.xcdatamodeld in Sources */ = {isa = PBXBuildFile; fileRef = 5C6A39021B88A6800026176C /* TrocaTroca.xcdatamodeld */; };
		5C6A39091B88A6800026176C /* Main.storyboard in Resources */ = {isa = PBXBuildFile; fileRef = 5C6A39071B88A6800026176C /* Main.storyboard */; };
		5C6A390B1B88A6800026176C /* Images.xcassets in Resources */ = {isa = PBXBuildFile; fileRef = 5C6A390A1B88A6800026176C /* Images.xcassets */; };
		5C6A390E1B88A6810026176C /* LaunchScreen.xib in Resources */ = {isa = PBXBuildFile; fileRef = 5C6A390C1B88A6810026176C /* LaunchScreen.xib */; };
		5C6A391A1B88A6810026176C /* TrocaTrocaTests.swift in Sources */ = {isa = PBXBuildFile; fileRef = 5C6A39191B88A6810026176C /* TrocaTrocaTests.swift */; };
		5C6A39241B88BAB40026176C /* ItemPlaceTVC.swift in Sources */ = {isa = PBXBuildFile; fileRef = 5C6A39231B88BAB40026176C /* ItemPlaceTVC.swift */; };
		5C6A39261B88BBA80026176C /* NavController.swift in Sources */ = {isa = PBXBuildFile; fileRef = 5C6A39251B88BBA80026176C /* NavController.swift */; };
		5C6A392A1B891F430026176C /* ItemDetails.swift in Sources */ = {isa = PBXBuildFile; fileRef = 5C6A39291B891F430026176C /* ItemDetails.swift */; };
/* End PBXBuildFile section */

/* Begin PBXContainerItemProxy section */
		5C6A39141B88A6810026176C /* PBXContainerItemProxy */ = {
			isa = PBXContainerItemProxy;
			containerPortal = 5C6A38F31B88A6800026176C /* Project object */;
			proxyType = 1;
			remoteGlobalIDString = 5C6A38FA1B88A6800026176C;
			remoteInfo = TrocaTroca;
		};
/* End PBXContainerItemProxy section */

/* Begin PBXFileReference section */
		5C5C8A701B8946B8005F2858 /* ItemTVC.swift */ = {isa = PBXFileReference; fileEncoding = 4; lastKnownFileType = sourcecode.swift; path = ItemTVC.swift; sourceTree = "<group>"; };
		5C6A38FB1B88A6800026176C /* TrocaTroca.app */ = {isa = PBXFileReference; explicitFileType = wrapper.application; includeInIndex = 0; path = TrocaTroca.app; sourceTree = BUILT_PRODUCTS_DIR; };
		5C6A38FF1B88A6800026176C /* Info.plist */ = {isa = PBXFileReference; lastKnownFileType = text.plist.xml; path = Info.plist; sourceTree = "<group>"; };
		5C6A39001B88A6800026176C /* AppDelegate.swift */ = {isa = PBXFileReference; lastKnownFileType = sourcecode.swift; path = AppDelegate.swift; sourceTree = "<group>"; };
		5C6A39031B88A6800026176C /* TrocaTroca.xcdatamodel */ = {isa = PBXFileReference; lastKnownFileType = wrapper.xcdatamodel; path = TrocaTroca.xcdatamodel; sourceTree = "<group>"; };
		5C6A39081B88A6800026176C /* Base */ = {isa = PBXFileReference; lastKnownFileType = file.storyboard; name = Base; path = Base.lproj/Main.storyboard; sourceTree = "<group>"; };
		5C6A390A1B88A6800026176C /* Images.xcassets */ = {isa = PBXFileReference; lastKnownFileType = folder.assetcatalog; path = Images.xcassets; sourceTree = "<group>"; };
		5C6A390D1B88A6810026176C /* Base */ = {isa = PBXFileReference; lastKnownFileType = file.xib; name = Base; path = Base.lproj/LaunchScreen.xib; sourceTree = "<group>"; };
		5C6A39131B88A6810026176C /* TrocaTrocaTests.xctest */ = {isa = PBXFileReference; explicitFileType = wrapper.cfbundle; includeInIndex = 0; path = TrocaTrocaTests.xctest; sourceTree = BUILT_PRODUCTS_DIR; };
		5C6A39181B88A6810026176C /* Info.plist */ = {isa = PBXFileReference; lastKnownFileType = text.plist.xml; path = Info.plist; sourceTree = "<group>"; };
		5C6A39191B88A6810026176C /* TrocaTrocaTests.swift */ = {isa = PBXFileReference; lastKnownFileType = sourcecode.swift; path = TrocaTrocaTests.swift; sourceTree = "<group>"; };
		5C6A39231B88BAB40026176C /* ItemPlaceTVC.swift */ = {isa = PBXFileReference; fileEncoding = 4; lastKnownFileType = sourcecode.swift; path = ItemPlaceTVC.swift; sourceTree = "<group>"; };
		5C6A39251B88BBA80026176C /* NavController.swift */ = {isa = PBXFileReference; fileEncoding = 4; lastKnownFileType = sourcecode.swift; path = NavController.swift; sourceTree = "<group>"; };
		5C6A39291B891F430026176C /* ItemDetails.swift */ = {isa = PBXFileReference; fileEncoding = 4; lastKnownFileType = sourcecode.swift; path = ItemDetails.swift; sourceTree = "<group>"; };
/* End PBXFileReference section */

/* Begin PBXFrameworksBuildPhase section */
		5C6A38F81B88A6800026176C /* Frameworks */ = {
			isa = PBXFrameworksBuildPhase;
			buildActionMask = 2147483647;
			files = (
			);
			runOnlyForDeploymentPostprocessing = 0;
		};
		5C6A39101B88A6810026176C /* Frameworks */ = {
			isa = PBXFrameworksBuildPhase;
			buildActionMask = 2147483647;
			files = (
			);
			runOnlyForDeploymentPostprocessing = 0;
		};
/* End PBXFrameworksBuildPhase section */

/* Begin PBXGroup section */
		5C6A38F21B88A6800026176C = {
			isa = PBXGroup;
			children = (
				5C6A38FD1B88A6800026176C /* TrocaTroca */,
				5C6A39161B88A6810026176C /* TrocaTrocaTests */,
				5C6A38FC1B88A6800026176C /* Products */,
			);
			sourceTree = "<group>";
		};
		5C6A38FC1B88A6800026176C /* Products */ = {
			isa = PBXGroup;
			children = (
				5C6A38FB1B88A6800026176C /* TrocaTroca.app */,
				5C6A39131B88A6810026176C /* TrocaTrocaTests.xctest */,
			);
			name = Products;
			sourceTree = "<group>";
		};
		5C6A38FD1B88A6800026176C /* TrocaTroca */ = {
			isa = PBXGroup;
			children = (
				5C6A39001B88A6800026176C /* AppDelegate.swift */,
				5C6A39071B88A6800026176C /* Main.storyboard */,
				5C6A390A1B88A6800026176C /* Images.xcassets */,
				5C6A390C1B88A6810026176C /* LaunchScreen.xib */,
				5C6A39021B88A6800026176C /* TrocaTroca.xcdatamodeld */,
				5C6A38FE1B88A6800026176C /* Supporting Files */,
				5C6A39231B88BAB40026176C /* ItemPlaceTVC.swift */,
				5C5C8A701B8946B8005F2858 /* ItemTVC.swift */,
				5C6A39291B891F430026176C /* ItemDetails.swift */,
				5C6A39251B88BBA80026176C /* NavController.swift */,
			);
			path = TrocaTroca;
			sourceTree = "<group>";
		};
		5C6A38FE1B88A6800026176C /* Supporting Files */ = {
			isa = PBXGroup;
			children = (
				5C6A38FF1B88A6800026176C /* Info.plist */,
			);
			name = "Supporting Files";
			sourceTree = "<group>";
		};
		5C6A39161B88A6810026176C /* TrocaTrocaTests */ = {
			isa = PBXGroup;
			children = (
				5C6A39191B88A6810026176C /* TrocaTrocaTests.swift */,
				5C6A39171B88A6810026176C /* Supporting Files */,
			);
			path = TrocaTrocaTests;
			sourceTree = "<group>";
		};
		5C6A39171B88A6810026176C /* Supporting Files */ = {
			isa = PBXGroup;
			children = (
				5C6A39181B88A6810026176C /* Info.plist */,
			);
			name = "Supporting Files";
			sourceTree = "<group>";
		};
/* End PBXGroup section */

/* Begin PBXNativeTarget section */
		5C6A38FA1B88A6800026176C /* TrocaTroca */ = {
			isa = PBXNativeTarget;
			buildConfigurationList = 5C6A391D1B88A6810026176C /* Build configuration list for PBXNativeTarget "TrocaTroca" */;
			buildPhases = (
				5C6A38F71B88A6800026176C /* Sources */,
				5C6A38F81B88A6800026176C /* Frameworks */,
				5C6A38F91B88A6800026176C /* Resources */,
			);
			buildRules = (
			);
			dependencies = (
			);
			name = TrocaTroca;
			productName = TrocaTroca;
			productReference = 5C6A38FB1B88A6800026176C /* TrocaTroca.app */;
			productType = "com.apple.product-type.application";
		};
		5C6A39121B88A6810026176C /* TrocaTrocaTests */ = {
			isa = PBXNativeTarget;
			buildConfigurationList = 5C6A39201B88A6810026176C /* Build configuration list for PBXNativeTarget "TrocaTrocaTests" */;
			buildPhases = (
				5C6A390F1B88A6810026176C /* Sources */,
				5C6A39101B88A6810026176C /* Frameworks */,
				5C6A39111B88A6810026176C /* Resources */,
			);
			buildRules = (
			);
			dependencies = (
				5C6A39151B88A6810026176C /* PBXTargetDependency */,
			);
			name = TrocaTrocaTests;
			productName = TrocaTrocaTests;
			productReference = 5C6A39131B88A6810026176C /* TrocaTrocaTests.xctest */;
			productType = "com.apple.product-type.bundle.unit-test";
		};
/* End PBXNativeTarget section */

/* Begin PBXProject section */
		5C6A38F31B88A6800026176C /* Project object */ = {
			isa = PBXProject;
			attributes = {
				LastUpgradeCheck = 0640;
				ORGANIZATIONNAME = "Humberto  Julião";
				TargetAttributes = {
					5C6A38FA1B88A6800026176C = {
						CreatedOnToolsVersion = 6.4;
					};
					5C6A39121B88A6810026176C = {
						CreatedOnToolsVersion = 6.4;
						TestTargetID = 5C6A38FA1B88A6800026176C;
					};
				};
			};
			buildConfigurationList = 5C6A38F61B88A6800026176C /* Build configuration list for PBXProject "TrocaTroca" */;
			compatibilityVersion = "Xcode 3.2";
			developmentRegion = English;
			hasScannedForEncodings = 0;
			knownRegions = (
				en,
				Base,
			);
			mainGroup = 5C6A38F21B88A6800026176C;
			productRefGroup = 5C6A38FC1B88A6800026176C /* Products */;
			projectDirPath = "";
			projectRoot = "";
			targets = (
				5C6A38FA1B88A6800026176C /* TrocaTroca */,
				5C6A39121B88A6810026176C /* TrocaTrocaTests */,
			);
		};
/* End PBXProject section */

/* Begin PBXResourcesBuildPhase section */
		5C6A38F91B88A6800026176C /* Resources */ = {
			isa = PBXResourcesBuildPhase;
			buildActionMask = 2147483647;
			files = (
				5C6A39091B88A6800026176C /* Main.storyboard in Resources */,
				5C6A390E1B88A6810026176C /* LaunchScreen.xib in Resources */,
				5C6A390B1B88A6800026176C /* Images.xcassets in Resources */,
			);
			runOnlyForDeploymentPostprocessing = 0;
		};
		5C6A39111B88A6810026176C /* Resources */ = {
			isa = PBXResourcesBuildPhase;
			buildActionMask = 2147483647;
			files = (
			);
			runOnlyForDeploymentPostprocessing = 0;
		};
/* End PBXResourcesBuildPhase section */

/* Begin PBXSourcesBuildPhase section */
		5C6A38F71B88A6800026176C /* Sources */ = {
			isa = PBXSourcesBuildPhase;
			buildActionMask = 2147483647;
			files = (
				5C5C8A711B8946B8005F2858 /* ItemTVC.swift in Sources */,
				5C6A39011B88A6800026176C /* AppDelegate.swift in Sources */,
				5C6A39041B88A6800026176C /* TrocaTroca.xcdatamodeld in Sources */,
				5C6A392A1B891F430026176C /* ItemDetails.swift in Sources */,
				5C6A39241B88BAB40026176C /* ItemPlaceTVC.swift in Sources */,
				5C6A39261B88BBA80026176C /* NavController.swift in Sources */,
			);
			runOnlyForDeploymentPostprocessing = 0;
		};
		5C6A390F1B88A6810026176C /* Sources */ = {
			isa = PBXSourcesBuildPhase;
			buildActionMask = 2147483647;
			files = (
				5C6A391A1B88A6810026176C /* TrocaTrocaTests.swift in Sources */,
			);
			runOnlyForDeploymentPostprocessing = 0;
		};
/* End PBXSourcesBuildPhase section */

/* Begin PBXTargetDependency section */
		5C6A39151B88A6810026176C /* PBXTargetDependency */ = {
			isa = PBXTargetDependency;
			target = 5C6A38FA1B88A6800026176C /* TrocaTroca */;
			targetProxy = 5C6A39141B88A6810026176C /* PBXContainerItemProxy */;
		};
/* End PBXTargetDependency section */

/* Begin PBXVariantGroup section */
		5C6A39071B88A6800026176C /* Main.storyboard */ = {
			isa = PBXVariantGroup;
			children = (
				5C6A39081B88A6800026176C /* Base */,
			);
			name = Main.storyboard;
			sourceTree = "<group>";
		};
		5C6A390C1B88A6810026176C /* LaunchScreen.xib */ = {
			isa = PBXVariantGroup;
			children = (
				5C6A390D1B88A6810026176C /* Base */,
			);
			name = LaunchScreen.xib;
			sourceTree = "<group>";
		};
/* End PBXVariantGroup section */

/* Begin XCBuildConfiguration section */
		5C6A391B1B88A6810026176C /* Debug */ = {
			isa = XCBuildConfiguration;
			buildSettings = {
				ALWAYS_SEARCH_USER_PATHS = NO;
				CLANG_CXX_LANGUAGE_STANDARD = "gnu++0x";
				CLANG_CXX_LIBRARY = "libc++";
				CLANG_ENABLE_MODULES = YES;
				CLANG_ENABLE_OBJC_ARC = YES;
				CLANG_WARN_BOOL_CONVERSION = YES;
				CLANG_WARN_CONSTANT_CONVERSION = YES;
				CLANG_WARN_DIRECT_OBJC_ISA_USAGE = YES_ERROR;
				CLANG_WARN_EMPTY_BODY = YES;
				CLANG_WARN_ENUM_CONVERSION = YES;
				CLANG_WARN_INT_CONVERSION = YES;
				CLANG_WARN_OBJC_ROOT_CLASS = YES_ERROR;
				CLANG_WARN_UNREACHABLE_CODE = YES;
				CLANG_WARN__DUPLICATE_METHOD_MATCH = YES;
				"CODE_SIGN_IDENTITY[sdk=iphoneos*]" = "iPhone Developer";
				COPY_PHASE_STRIP = NO;
				DEBUG_INFORMATION_FORMAT = "dwarf-with-dsym";
				ENABLE_STRICT_OBJC_MSGSEND = YES;
				GCC_C_LANGUAGE_STANDARD = gnu99;
				GCC_DYNAMIC_NO_PIC = NO;
				GCC_NO_COMMON_BLOCKS = YES;
				GCC_OPTIMIZATION_LEVEL = 0;
				GCC_PREPROCESSOR_DEFINITIONS = (
					"DEBUG=1",
					"$(inherited)",
				);
				GCC_SYMBOLS_PRIVATE_EXTERN = NO;
				GCC_WARN_64_TO_32_BIT_CONVERSION = YES;
				GCC_WARN_ABOUT_RETURN_TYPE = YES_ERROR;
				GCC_WARN_UNDECLARED_SELECTOR = YES;
				GCC_WARN_UNINITIALIZED_AUTOS = YES_AGGRESSIVE;
				GCC_WARN_UNUSED_FUNCTION = YES;
				GCC_WARN_UNUSED_VARIABLE = YES;
				IPHONEOS_DEPLOYMENT_TARGET = 8.4;
				MTL_ENABLE_DEBUG_INFO = YES;
				ONLY_ACTIVE_ARCH = YES;
				SDKROOT = iphoneos;
				SWIFT_OPTIMIZATION_LEVEL = "-Onone";
				TARGETED_DEVICE_FAMILY = "1,2";
			};
			name = Debug;
		};
		5C6A391C1B88A6810026176C /* Release */ = {
			isa = XCBuildConfiguration;
			buildSettings = {
				ALWAYS_SEARCH_USER_PATHS = NO;
				CLANG_CXX_LANGUAGE_STANDARD = "gnu++0x";
				CLANG_CXX_LIBRARY = "libc++";
				CLANG_ENABLE_MODULES = YES;
				CLANG_ENABLE_OBJC_ARC = YES;
				CLANG_WARN_BOOL_CONVERSION = YES;
				CLANG_WARN_CONSTANT_CONVERSION = YES;
				CLANG_WARN_DIRECT_OBJC_ISA_USAGE = YES_ERROR;
				CLANG_WARN_EMPTY_BODY = YES;
				CLANG_WARN_ENUM_CONVERSION = YES;
				CLANG_WARN_INT_CONVERSION = YES;
				CLANG_WARN_OBJC_ROOT_CLASS = YES_ERROR;
				CLANG_WARN_UNREACHABLE_CODE = YES;
				CLANG_WARN__DUPLICATE_METHOD_MATCH = YES;
				"CODE_SIGN_IDENTITY[sdk=iphoneos*]" = "iPhone Developer";
				COPY_PHASE_STRIP = NO;
				DEBUG_INFORMATION_FORMAT = "dwarf-with-dsym";
				ENABLE_NS_ASSERTIONS = NO;
				ENABLE_STRICT_OBJC_MSGSEND = YES;
				GCC_C_LANGUAGE_STANDARD = gnu99;
				GCC_NO_COMMON_BLOCKS = YES;
				GCC_WARN_64_TO_32_BIT_CONVERSION = YES;
				GCC_WARN_ABOUT_RETURN_TYPE = YES_ERROR;
				GCC_WARN_UNDECLARED_SELECTOR = YES;
				GCC_WARN_UNINITIALIZED_AUTOS = YES_AGGRESSIVE;
				GCC_WARN_UNUSED_FUNCTION = YES;
				GCC_WARN_UNUSED_VARIABLE = YES;
				IPHONEOS_DEPLOYMENT_TARGET = 8.4;
				MTL_ENABLE_DEBUG_INFO = NO;
				SDKROOT = iphoneos;
				TARGETED_DEVICE_FAMILY = "1,2";
				VALIDATE_PRODUCT = YES;
			};
			name = Release;
		};
		5C6A391E1B88A6810026176C /* Debug */ = {
			isa = XCBuildConfiguration;
			buildSettings = {
				ASSETCATALOG_COMPILER_APPICON_NAME = AppIcon;
				INFOPLIST_FILE = TrocaTroca/Info.plist;
				LD_RUNPATH_SEARCH_PATHS = "$(inherited) @executable_path/Frameworks";
				PRODUCT_NAME = "$(TARGET_NAME)";
			};
			name = Debug;
		};
		5C6A391F1B88A6810026176C /* Release */ = {
			isa = XCBuildConfiguration;
			buildSettings = {
				ASSETCATALOG_COMPILER_APPICON_NAME = AppIcon;
				INFOPLIST_FILE = TrocaTroca/Info.plist;
				LD_RUNPATH_SEARCH_PATHS = "$(inherited) @executable_path/Frameworks";
				PRODUCT_NAME = "$(TARGET_NAME)";
			};
			name = Release;
		};
		5C6A39211B88A6810026176C /* Debug */ = {
			isa = XCBuildConfiguration;
			buildSettings = {
				BUNDLE_LOADER = "$(TEST_HOST)";
				FRAMEWORK_SEARCH_PATHS = (
					"$(SDKROOT)/Developer/Library/Frameworks",
					"$(inherited)",
				);
				GCC_PREPROCESSOR_DEFINITIONS = (
					"DEBUG=1",
					"$(inherited)",
				);
				INFOPLIST_FILE = TrocaTrocaTests/Info.plist;
				LD_RUNPATH_SEARCH_PATHS = "$(inherited) @executable_path/Frameworks @loader_path/Frameworks";
				PRODUCT_NAME = "$(TARGET_NAME)";
				TEST_HOST = "$(BUILT_PRODUCTS_DIR)/TrocaTroca.app/TrocaTroca";
			};
			name = Debug;
		};
		5C6A39221B88A6810026176C /* Release */ = {
			isa = XCBuildConfiguration;
			buildSettings = {
				BUNDLE_LOADER = "$(TEST_HOST)";
				FRAMEWORK_SEARCH_PATHS = (
					"$(SDKROOT)/Developer/Library/Frameworks",
					"$(inherited)",
				);
				INFOPLIST_FILE = TrocaTrocaTests/Info.plist;
				LD_RUNPATH_SEARCH_PATHS = "$(inherited) @executable_path/Frameworks @loader_path/Frameworks";
				PRODUCT_NAME = "$(TARGET_NAME)";
				TEST_HOST = "$(BUILT_PRODUCTS_DIR)/TrocaTroca.app/TrocaTroca";
			};
			name = Release;
		};
/* End XCBuildConfiguration section */

/* Begin XCConfigurationList section */
		5C6A38F61B88A6800026176C /* Build configuration list for PBXProject "TrocaTroca" */ = {
			isa = XCConfigurationList;
			buildConfigurations = (
				5C6A391B1B88A6810026176C /* Debug */,
				5C6A391C1B88A6810026176C /* Release */,
			);
			defaultConfigurationIsVisible = 0;
			defaultConfigurationName = Release;
		};
		5C6A391D1B88A6810026176C /* Build configuration list for PBXNativeTarget "TrocaTroca" */ = {
			isa = XCConfigurationList;
			buildConfigurations = (
				5C6A391E1B88A6810026176C /* Debug */,
				5C6A391F1B88A6810026176C /* Release */,
			);
			defaultConfigurationIsVisible = 0;
			defaultConfigurationName = Release;
		};
		5C6A39201B88A6810026176C /* Build configuration list for PBXNativeTarget "TrocaTrocaTests" */ = {
			isa = XCConfigurationList;
			buildConfigurations = (
				5C6A39211B88A6810026176C /* Debug */,
				5C6A39221B88A6810026176C /* Release */,
			);
			defaultConfigurationIsVisible = 0;
			defaultConfigurationName = Release;
		};
/* End XCConfigurationList section */

/* Begin XCVersionGroup section */
		5C6A39021B88A6800026176C /* TrocaTroca.xcdatamodeld */ = {
			isa = XCVersionGroup;
			children = (
				5C6A39031B88A6800026176C /* TrocaTroca.xcdatamodel */,
			);
			currentVersion = 5C6A39031B88A6800026176C /* TrocaTroca.xcdatamodel */;
			path = TrocaTroca.xcdatamodeld;
			sourceTree = "<group>";
			versionGroupType = wrapper.xcdatamodel;
		};
/* End XCVersionGroup section */
	};
	rootObject = 5C6A38F31B88A6800026176C /* Project object */;
}
